Microsoft Visual Studio Solution File, Format Version 12.00
# Visual Studio 14
VisualStudioVersion = 14.0.23107.0
MinimumVisualStudioVersion = 10.0.40219.1
Project("{8BC9CEB8-8B4A-11D0-8D11-00A0C91BC942}") = "Utils", "Utils\Utils.vcxproj", "{03C7E5DE-55EA-49F9-AB6D-D0BD907487C6}"
EndProject
Project("{8BC9CEB8-8B4A-11D0-8D11-00A0C91BC942}") = "GLUtils", "GLUtils\GLUtils.vcxproj", "{75EF6911-0680-4935-B629-C63CDBE97D62}"
EndProject
Project("{8BC9CEB8-8B4A-11D0-8D11-00A0C91BC942}") = "MathLib", "MathLib\MathLib.vcxproj", "{B9366919-A2EC-4F79-A095-B838F94FFE24}"
EndProject
Project("{8BC9CEB8-8B4A-11D0-8D11-00A0C91BC942}") = "Physics", "Physics\Physics.vcxproj", "{D39405F1-F2B0-4A94-8C66-B4BA846F6E86}"
EndProject
Project("{8BC9CEB8-8B4A-11D0-8D11-00A0C91BC942}") = "gsl", "gsl\gsl.vcxproj", "{DDDE1728-D156-46CD-BBC1-E6B3146F0AD1}"
EndProject
Project("{8BC9CEB8-8B4A-11D0-8D11-00A0C91BC942}") = "AppGUI", "AppGUI\AppGUI.vcxproj", "{2C1B1B31-DBA9-429B-886C-58876F6E22B8}"
	ProjectSection(ProjectDependencies) = postProject
		{F909C2B6-EAE0-D547-8DFE-96AD8D934645} = {F909C2B6-EAE0-D547-8DFE-96AD8D934645}
	EndProjectSection
EndProject
Project("{8BC9CEB8-8B4A-11D0-8D11-00A0C91BC942}") = "Core", "Core\Core.vcxproj", "{A13EC400-F9E0-4306-8EA2-1AC15457EF6B}"
EndProject
Project("{8BC9CEB8-8B4A-11D0-8D11-00A0C91BC942}") = "ode", "ode-0.13\build\vs2008\ode.vcxproj", "{F909C2B6-EAE0-D547-8DFE-96AD8D934645}"
EndProject
Global
	GlobalSection(SolutionConfigurationPlatforms) = preSolution
		Debug|Win32 = Debug|Win32
		DebugDoubleDLL|Win32 = DebugDoubleDLL|Win32
		DebugDoubleLib|Win32 = DebugDoubleLib|Win32
		DebugSingleDLL|Win32 = DebugSingleDLL|Win32
		DebugSingleLib|Win32 = DebugSingleLib|Win32
		Release|Win32 = Release|Win32
		ReleaseDoubleDLL|Win32 = ReleaseDoubleDLL|Win32
		ReleaseDoubleLib|Win32 = ReleaseDoubleLib|Win32
		ReleaseSingleDLL|Win32 = ReleaseSingleDLL|Win32
		ReleaseSingleLib|Win32 = ReleaseSingleLib|Win32
	EndGlobalSection
	GlobalSection(ProjectConfigurationPlatforms) = postSolution
		{03C7E5DE-55EA-49F9-AB6D-D0BD907487C6}.Debug|Win32.ActiveCfg = Debug|Win32
		{03C7E5DE-55EA-49F9-AB6D-D0BD907487C6}.Debug|Win32.Build.0 = Debug|Win32
		{03C7E5DE-55EA-49F9-AB6D-D0BD907487C6}.DebugDoubleDLL|Win32.ActiveCfg = Debug|Win32
		{03C7E5DE-55EA-49F9-AB6D-D0BD907487C6}.DebugDoubleDLL|Win32.Build.0 = Debug|Win32
		{03C7E5DE-55EA-49F9-AB6D-D0BD907487C6}.DebugDoubleLib|Win32.ActiveCfg = Debug|Win32
		{03C7E5DE-55EA-49F9-AB6D-D0BD907487C6}.DebugDoubleLib|Win32.Build.0 = Debug|Win32
		{03C7E5DE-55EA-49F9-AB6D-D0BD907487C6}.DebugSingleDLL|Win32.ActiveCfg = Debug|Win32
		{03C7E5DE-55EA-49F9-AB6D-D0BD907487C6}.DebugSingleDLL|Win32.Build.0 = Debug|Win32
		{03C7E5DE-55EA-49F9-AB6D-D0BD907487C6}.DebugSingleLib|Win32.ActiveCfg = Debug|Win32
		{03C7E5DE-55EA-49F9-AB6D-D0BD907487C6}.DebugSingleLib|Win32.Build.0 = Debug|Win32
		{03C7E5DE-55EA-49F9-AB6D-D0BD907487C6}.Release|Win32.ActiveCfg = Release|Win32
		{03C7E5DE-55EA-49F9-AB6D-D0BD907487C6}.Release|Win32.Build.0 = Release|Win32
		{03C7E5DE-55EA-49F9-AB6D-D0BD907487C6}.ReleaseDoubleDLL|Win32.ActiveCfg = Release|Win32
		{03C7E5DE-55EA-49F9-AB6D-D0BD907487C6}.ReleaseDoubleDLL|Win32.Build.0 = Release|Win32
		{03C7E5DE-55EA-49F9-AB6D-D0BD907487C6}.ReleaseDoubleLib|Win32.ActiveCfg = Release|Win32
		{03C7E5DE-55EA-49F9-AB6D-D0BD907487C6}.ReleaseDoubleLib|Win32.Build.0 = Release|Win32
		{03C7E5DE-55EA-49F9-AB6D-D0BD907487C6}.ReleaseSingleDLL|Win32.ActiveCfg = Release|Win32
		{03C7E5DE-55EA-49F9-AB6D-D0BD907487C6}.ReleaseSingleDLL|Win32.Build.0 = Release|Win32
		{03C7E5DE-55EA-49F9-AB6D-D0BD907487C6}.ReleaseSingleLib|Win32.ActiveCfg = Release|Win32
		{03C7E5DE-55EA-49F9-AB6D-D0BD907487C6}.ReleaseSingleLib|Win32.Build.0 = Release|Win32
		{75EF6911-0680-4935-B629-C63CDBE97D62}.Debug|Win32.ActiveCfg = Debug|Win32
		{75EF6911-0680-4935-B629-C63CDBE97D62}.Debug|Win32.Build.0 = Debug|Win32
		{75EF6911-0680-4935-B629-C63CDBE97D62}.DebugDoubleDLL|Win32.ActiveCfg = Debug|Win32
		{75EF6911-0680-4935-B629-C63CDBE97D62}.DebugDoubleDLL|Win32.Build.0 = Debug|Win32
		{75EF6911-0680-4935-B629-C63CDBE97D62}.DebugDoubleLib|Win32.ActiveCfg = Debug|Win32
		{75EF6911-0680-4935-B629-C63CDBE97D62}.DebugDoubleLib|Win32.Build.0 = Debug|Win32
		{75EF6911-0680-4935-B629-C63CDBE97D62}.DebugSingleDLL|Win32.ActiveCfg = Debug|Win32
		{75EF6911-0680-4935-B629-C63CDBE97D62}.DebugSingleDLL|Win32.Build.0 = Debug|Win32
		{75EF6911-0680-4935-B629-C63CDBE97D62}.DebugSingleLib|Win32.ActiveCfg = Debug|Win32
		{75EF6911-0680-4935-B629-C63CDBE97D62}.DebugSingleLib|Win32.Build.0 = Debug|Win32
		{75EF6911-0680-4935-B629-C63CDBE97D62}.Release|Win32.ActiveCfg = Release|Win32
		{75EF6911-0680-4935-B629-C63CDBE97D62}.Release|Win32.Build.0 = Release|Win32
		{75EF6911-0680-4935-B629-C63CDBE97D62}.ReleaseDoubleDLL|Win32.ActiveCfg = Release|Win32
		{75EF6911-0680-4935-B629-C63CDBE97D62}.ReleaseDoubleDLL|Win32.Build.0 = Release|Win32
		{75EF6911-0680-4935-B629-C63CDBE97D62}.ReleaseDoubleLib|Win32.ActiveCfg = Release|Win32
		{75EF6911-0680-4935-B629-C63CDBE97D62}.ReleaseDoubleLib|Win32.Build.0 = Release|Win32
		{75EF6911-0680-4935-B629-C63CDBE97D62}.ReleaseSingleDLL|Win32.ActiveCfg = Release|Win32
		{75EF6911-0680-4935-B629-C63CDBE97D62}.ReleaseSingleDLL|Win32.Build.0 = Release|Win32
		{75EF6911-0680-4935-B629-C63CDBE97D62}.ReleaseSingleLib|Win32.ActiveCfg = Release|Win32
		{75EF6911-0680-4935-B629-C63CDBE97D62}.ReleaseSingleLib|Win32.Build.0 = Release|Win32
		{B9366919-A2EC-4F79-A095-B838F94FFE24}.Debug|Win32.ActiveCfg = Debug|Win32
		{B9366919-A2EC-4F79-A095-B838F94FFE24}.Debug|Win32.Build.0 = Debug|Win32
		{B9366919-A2EC-4F79-A095-B838F94FFE24}.DebugDoubleDLL|Win32.ActiveCfg = Debug|Win32
		{B9366919-A2EC-4F79-A095-B838F94FFE24}.DebugDoubleDLL|Win32.Build.0 = Debug|Win32
		{B9366919-A2EC-4F79-A095-B838F94FFE24}.DebugDoubleLib|Win32.ActiveCfg = Debug|Win32
		{B9366919-A2EC-4F79-A095-B838F94FFE24}.DebugDoubleLib|Win32.Build.0 = Debug|Win32
		{B9366919-A2EC-4F79-A095-B838F94FFE24}.DebugSingleDLL|Win32.ActiveCfg = Debug|Win32
		{B9366919-A2EC-4F79-A095-B838F94FFE24}.DebugSingleDLL|Win32.Build.0 = Debug|Win32
		{B9366919-A2EC-4F79-A095-B838F94FFE24}.DebugSingleLib|Win32.ActiveCfg = Debug|Win32
		{B9366919-A2EC-4F79-A095-B838F94FFE24}.DebugSingleLib|Win32.Build.0 = Debug|Win32
		{B9366919-A2EC-4F79-A095-B838F94FFE24}.Release|Win32.ActiveCfg = Release|Win32
		{B9366919-A2EC-4F79-A095-B838F94FFE24}.Release|Win32.Build.0 = Release|Win32
		{B9366919-A2EC-4F79-A095-B838F94FFE24}.ReleaseDoubleDLL|Win32.ActiveCfg = Release|Win32
		{B9366919-A2EC-4F79-A095-B838F94FFE24}.ReleaseDoubleDLL|Win32.Build.0 = Release|Win32
		{B9366919-A2EC-4F79-A095-B838F94FFE24}.ReleaseDoubleLib|Win32.ActiveCfg = Release|Win32
		{B9366919-A2EC-4F79-A095-B838F94FFE24}.ReleaseDoubleLib|Win32.Build.0 = Release|Win32
		{B9366919-A2EC-4F79-A095-B838F94FFE24}.ReleaseSingleDLL|Win32.ActiveCfg = Release|Win32
		{B9366919-A2EC-4F79-A095-B838F94FFE24}.ReleaseSingleDLL|Win32.Build.0 = Release|Win32
		{B9366919-A2EC-4F79-A095-B838F94FFE24}.ReleaseSingleLib|Win32.ActiveCfg = Release|Win32
		{B9366919-A2EC-4F79-A095-B838F94FFE24}.ReleaseSingleLib|Win32.Build.0 = Release|Win32
		{D39405F1-F2B0-4A94-8C66-B4BA846F6E86}.Debug|Win32.ActiveCfg = Debug|Win32
		{D39405F1-F2B0-4A94-8C66-B4BA846F6E86}.Debug|Win32.Build.0 = Debug|Win32
		{D39405F1-F2B0-4A94-8C66-B4BA846F6E86}.DebugDoubleDLL|Win32.ActiveCfg = Debug|Win32
		{D39405F1-F2B0-4A94-8C66-B4BA846F6E86}.DebugDoubleDLL|Win32.Build.0 = Debug|Win32
		{D39405F1-F2B0-4A94-8C66-B4BA846F6E86}.DebugDoubleLib|Win32.ActiveCfg = Debug|Win32
		{D39405F1-F2B0-4A94-8C66-B4BA846F6E86}.DebugDoubleLib|Win32.Build.0 = Debug|Win32
		{D39405F1-F2B0-4A94-8C66-B4BA846F6E86}.DebugSingleDLL|Win32.ActiveCfg = Debug|Win32
		{D39405F1-F2B0-4A94-8C66-B4BA846F6E86}.DebugSingleDLL|Win32.Build.0 = Debug|Win32
		{D39405F1-F2B0-4A94-8C66-B4BA846F6E86}.DebugSingleLib|Win32.ActiveCfg = Debug|Win32
		{D39405F1-F2B0-4A94-8C66-B4BA846F6E86}.DebugSingleLib|Win32.Build.0 = Debug|Win32
		{D39405F1-F2B0-4A94-8C66-B4BA846F6E86}.Release|Win32.ActiveCfg = Release|Win32
		{D39405F1-F2B0-4A94-8C66-B4BA846F6E86}.Release|Win32.Build.0 = Release|Win32
		{D39405F1-F2B0-4A94-8C66-B4BA846F6E86}.ReleaseDoubleDLL|Win32.ActiveCfg = Release|Win32
		{D39405F1-F2B0-4A94-8C66-B4BA846F6E86}.ReleaseDoubleDLL|Win32.Build.0 = Release|Win32
		{D39405F1-F2B0-4A94-8C66-B4BA846F6E86}.ReleaseDoubleLib|Win32.ActiveCfg = Release|Win32
		{D39405F1-F2B0-4A94-8C66-B4BA846F6E86}.ReleaseDoubleLib|Win32.Build.0 = Release|Win32
		{D39405F1-F2B0-4A94-8C66-B4BA846F6E86}.ReleaseSingleDLL|Win32.ActiveCfg = Release|Win32
		{D39405F1-F2B0-4A94-8C66-B4BA846F6E86}.ReleaseSingleDLL|Win32.Build.0 = Release|Win32
		{D39405F1-F2B0-4A94-8C66-B4BA846F6E86}.ReleaseSingleLib|Win32.ActiveCfg = Release|Win32
		{D39405F1-F2B0-4A94-8C66-B4BA846F6E86}.ReleaseSingleLib|Win32.Build.0 = Release|Win32
		{DDDE1728-D156-46CD-BBC1-E6B3146F0AD1}.Debug|Win32.ActiveCfg = Debug|Win32
		{DDDE1728-D156-46CD-BBC1-E6B3146F0AD1}.Debug|Win32.Build.0 = Debug|Win32
		{DDDE1728-D156-46CD-BBC1-E6B3146F0AD1}.DebugDoubleDLL|Win32.ActiveCfg = Debug|Win32
		{DDDE1728-D156-46CD-BBC1-E6B3146F0AD1}.DebugDoubleDLL|Win32.Build.0 = Debug|Win32
		{DDDE1728-D156-46CD-BBC1-E6B3146F0AD1}.DebugDoubleLib|Win32.ActiveCfg = Debug|Win32
		{DDDE1728-D156-46CD-BBC1-E6B3146F0AD1}.DebugDoubleLib|Win32.Build.0 = Debug|Win32
		{DDDE1728-D156-46CD-BBC1-E6B3146F0AD1}.DebugSingleDLL|Win32.ActiveCfg = Debug|Win32
		{DDDE1728-D156-46CD-BBC1-E6B3146F0AD1}.DebugSingleDLL|Win32.Build.0 = Debug|Win32
		{DDDE1728-D156-46CD-BBC1-E6B3146F0AD1}.DebugSingleLib|Win32.ActiveCfg = Debug|Win32
		{DDDE1728-D156-46CD-BBC1-E6B3146F0AD1}.DebugSingleLib|Win32.Build.0 = Debug|Win32
		{DDDE1728-D156-46CD-BBC1-E6B3146F0AD1}.Release|Win32.ActiveCfg = Release|Win32
		{DDDE1728-D156-46CD-BBC1-E6B3146F0AD1}.Release|Win32.Build.0 = Release|Win32
		{DDDE1728-D156-46CD-BBC1-E6B3146F0AD1}.ReleaseDoubleDLL|Win32.ActiveCfg = Release|Win32
		{DDDE1728-D156-46CD-BBC1-E6B3146F0AD1}.ReleaseDoubleDLL|Win32.Build.0 = Release|Win32
		{DDDE1728-D156-46CD-BBC1-E6B3146F0AD1}.ReleaseDoubleLib|Win32.ActiveCfg = Release|Win32
		{DDDE1728-D156-46CD-BBC1-E6B3146F0AD1}.ReleaseDoubleLib|Win32.Build.0 = Release|Win32
		{DDDE1728-D156-46CD-BBC1-E6B3146F0AD1}.ReleaseSingleDLL|Win32.ActiveCfg = Release|Win32
		{DDDE1728-D156-46CD-BBC1-E6B3146F0AD1}.ReleaseSingleDLL|Win32.Build.0 = Release|Win32
		{DDDE1728-D156-46CD-BBC1-E6B3146F0AD1}.ReleaseSingleLib|Win32.ActiveCfg = Release|Win32
		{DDDE1728-D156-46CD-BBC1-E6B3146F0AD1}.ReleaseSingleLib|Win32.Build.0 = Release|Win32
		{2C1B1B31-DBA9-429B-886C-58876F6E22B8}.Debug|Win32.ActiveCfg = Debug|Win32
		{2C1B1B31-DBA9-429B-886C-58876F6E22B8}.Debug|Win32.Build.0 = Debug|Win32
		{2C1B1B31-DBA9-429B-886C-58876F6E22B8}.DebugDoubleDLL|Win32.ActiveCfg = Debug|Win32
		{2C1B1B31-DBA9-429B-886C-58876F6E22B8}.DebugDoubleDLL|Win32.Build.0 = Debug|Win32
		{2C1B1B31-DBA9-429B-886C-58876F6E22B8}.DebugDoubleLib|Win32.ActiveCfg = Debug|Win32
		{2C1B1B31-DBA9-429B-886C-58876F6E22B8}.DebugDoubleLib|Win32.Build.0 = Debug|Win32
		{2C1B1B31-DBA9-429B-886C-58876F6E22B8}.DebugSingleDLL|Win32.ActiveCfg = Debug|Win32
		{2C1B1B31-DBA9-429B-886C-58876F6E22B8}.DebugSingleDLL|Win32.Build.0 = Debug|Win32
		{2C1B1B31-DBA9-429B-886C-58876F6E22B8}.DebugSingleLib|Win32.ActiveCfg = Debug|Win32
		{2C1B1B31-DBA9-429B-886C-58876F6E22B8}.DebugSingleLib|Win32.Build.0 = Debug|Win32
		{2C1B1B31-DBA9-429B-886C-58876F6E22B8}.Release|Win32.ActiveCfg = Release|Win32
		{2C1B1B31-DBA9-429B-886C-58876F6E22B8}.Release|Win32.Build.0 = Release|Win32
		{2C1B1B31-DBA9-429B-886C-58876F6E22B8}.ReleaseDoubleDLL|Win32.ActiveCfg = Release|Win32
		{2C1B1B31-DBA9-429B-886C-58876F6E22B8}.ReleaseDoubleDLL|Win32.Build.0 = Release|Win32
		{2C1B1B31-DBA9-429B-886C-58876F6E22B8}.ReleaseDoubleLib|Win32.ActiveCfg = Release|Win32
		{2C1B1B31-DBA9-429B-886C-58876F6E22B8}.ReleaseDoubleLib|Win32.Build.0 = Release|Win32
		{2C1B1B31-DBA9-429B-886C-58876F6E22B8}.ReleaseSingleDLL|Win32.ActiveCfg = Release|Win32
		{2C1B1B31-DBA9-429B-886C-58876F6E22B8}.ReleaseSingleDLL|Win32.Build.0 = Release|Win32
		{2C1B1B31-DBA9-429B-886C-58876F6E22B8}.ReleaseSingleLib|Win32.ActiveCfg = Release|Win32
		{2C1B1B31-DBA9-429B-886C-58876F6E22B8}.ReleaseSingleLib|Win32.Build.0 = Release|Win32
		{A13EC400-F9E0-4306-8EA2-1AC15457EF6B}.Debug|Win32.ActiveCfg = Debug|Win32
		{A13EC400-F9E0-4306-8EA2-1AC15457EF6B}.Debug|Win32.Build.0 = Debug|Win32
		{A13EC400-F9E0-4306-8EA2-1AC15457EF6B}.DebugDoubleDLL|Win32.ActiveCfg = Debug|Win32
		{A13EC400-F9E0-4306-8EA2-1AC15457EF6B}.DebugDoubleDLL|Win32.Build.0 = Debug|Win32
		{A13EC400-F9E0-4306-8EA2-1AC15457EF6B}.DebugDoubleLib|Win32.ActiveCfg = Debug|Win32
		{A13EC400-F9E0-4306-8EA2-1AC15457EF6B}.DebugDoubleLib|Win32.Build.0 = Debug|Win32
		{A13EC400-F9E0-4306-8EA2-1AC15457EF6B}.DebugSingleDLL|Win32.ActiveCfg = Debug|Win32
		{A13EC400-F9E0-4306-8EA2-1AC15457EF6B}.DebugSingleDLL|Win32.Build.0 = Debug|Win32
		{A13EC400-F9E0-4306-8EA2-1AC15457EF6B}.DebugSingleLib|Win32.ActiveCfg = Debug|Win32
		{A13EC400-F9E0-4306-8EA2-1AC15457EF6B}.DebugSingleLib|Win32.Build.0 = Debug|Win32
		{A13EC400-F9E0-4306-8EA2-1AC15457EF6B}.Release|Win32.ActiveCfg = Release|Win32
		{A13EC400-F9E0-4306-8EA2-1AC15457EF6B}.Release|Win32.Build.0 = Release|Win32
		{A13EC400-F9E0-4306-8EA2-1AC15457EF6B}.ReleaseDoubleDLL|Win32.ActiveCfg = Release|Win32
		{A13EC400-F9E0-4306-8EA2-1AC15457EF6B}.ReleaseDoubleDLL|Win32.Build.0 = Release|Win32
		{A13EC400-F9E0-4306-8EA2-1AC15457EF6B}.ReleaseDoubleLib|Win32.ActiveCfg = Release|Win32
		{A13EC400-F9E0-4306-8EA2-1AC15457EF6B}.ReleaseDoubleLib|Win32.Build.0 = Release|Win32
		{A13EC400-F9E0-4306-8EA2-1AC15457EF6B}.ReleaseSingleDLL|Win32.ActiveCfg = Release|Win32
		{A13EC400-F9E0-4306-8EA2-1AC15457EF6B}.ReleaseSingleDLL|Win32.Build.0 = Release|Win32
		{A13EC400-F9E0-4306-8EA2-1AC15457EF6B}.ReleaseSingleLib|Win32.ActiveCfg = Release|Win32
		{A13EC400-F9E0-4306-8EA2-1AC15457EF6B}.ReleaseSingleLib|Win32.Build.0 = Release|Win32
		{F909C2B6-EAE0-D547-8DFE-96AD8D934645}.Debug|Win32.ActiveCfg = DebugSingleLib|Win32
		{F909C2B6-EAE0-D547-8DFE-96AD8D934645}.Debug|Win32.Build.0 = DebugSingleLib|Win32
		{F909C2B6-EAE0-D547-8DFE-96AD8D934645}.DebugDoubleDLL|Win32.ActiveCfg = DebugDoubleDLL|Win32
		{F909C2B6-EAE0-D547-8DFE-96AD8D934645}.DebugDoubleDLL|Win32.Build.0 = DebugDoubleDLL|Win32
		{F909C2B6-EAE0-D547-8DFE-96AD8D934645}.DebugDoubleLib|Win32.ActiveCfg = DebugDoubleLib|Win32
		{F909C2B6-EAE0-D547-8DFE-96AD8D934645}.DebugDoubleLib|Win32.Build.0 = DebugDoubleLib|Win32
		{F909C2B6-EAE0-D547-8DFE-96AD8D934645}.DebugSingleDLL|Win32.ActiveCfg = DebugSingleDLL|Win32
		{F909C2B6-EAE0-D547-8DFE-96AD8D934645}.DebugSingleDLL|Win32.Build.0 = DebugSingleDLL|Win32
		{F909C2B6-EAE0-D547-8DFE-96AD8D934645}.DebugSingleLib|Win32.ActiveCfg = DebugSingleLib|Win32
		{F909C2B6-EAE0-D547-8DFE-96AD8D934645}.DebugSingleLib|Win32.Build.0 = DebugSingleLib|Win32
		{F909C2B6-EAE0-D547-8DFE-96AD8D934645}.Release|Win32.ActiveCfg = ReleaseSingleLib|Win32
		{F909C2B6-EAE0-D547-8DFE-96AD8D934645}.Release|Win32.Build.0 = ReleaseSingleLib|Win32
		{F909C2B6-EAE0-D547-8DFE-96AD8D934645}.ReleaseDoubleDLL|Win32.ActiveCfg = ReleaseDoubleDLL|Win32
		{F909C2B6-EAE0-D547-8DFE-96AD8D934645}.ReleaseDoubleDLL|Win32.Build.0 = ReleaseDoubleDLL|Win32
		{F909C2B6-EAE0-D547-8DFE-96AD8D934645}.ReleaseDoubleLib|Win32.ActiveCfg = ReleaseDoubleLib|Win32
		{F909C2B6-EAE0-D547-8DFE-96AD8D934645}.ReleaseDoubleLib|Win32.Build.0 = ReleaseDoubleLib|Win32
		{F909C2B6-EAE0-D547-8DFE-96AD8D934645}.ReleaseSingleDLL|Win32.ActiveCfg = ReleaseSingleDLL|Win32
		{F909C2B6-EAE0-D547-8DFE-96AD8D934645}.ReleaseSingleDLL|Win32.Build.0 = ReleaseSingleDLL|Win32
		{F909C2B6-EAE0-D547-8DFE-96AD8D934645}.ReleaseSingleLib|Win32.ActiveCfg = ReleaseSingleLib|Win32
		{F909C2B6-EAE0-D547-8DFE-96AD8D934645}.ReleaseSingleLib|Win32.Build.0 = ReleaseSingleLib|Win32
	EndGlobalSection
	GlobalSection(SolutionProperties) = preSolution
		HideSolutionNode = FALSE
	EndGlobalSection
EndGlobal
